{
  "name": "webchat-server",
  "version": "0.0.1",
  "lockfileVersion": 3,
  "requires": true,
  "packages": {
    "": {
      "name": "webchat-server",
      "version": "0.0.1",
      "license": "ISC",
      "dependencies": {
        "uWebSockets.js": "github:uNetworking/uWebSockets.js#f40213ec0a97d0d8721d9d32d92d6eb6ddcd22e7"
      }
    },
    "node_modules/uWebSockets.js": {
      "version": "20.42.0",
      "resolved": "git+ssh://git@github.com/uNetworking/uWebSockets.js.git#f40213ec0a97d0d8721d9d32d92d6eb6ddcd22e7",
      "integrity": "sha512-6gD8vjjaxh6TF2sqzeLxVgZAeEMBqhJLiUqhLstTLD7HzDv/ndUg40jr+gaG4CepCSdITeIGqCOV0hXFzszcsQ==",
      "license": "Apache-2.0"
    }
  }
}
